// !$*UTF8*$!
{
	archiveVersion = 1;
	classes = {
	};
	objectVersion = 50;
	objects = {

/* Begin PBXBuildFile section */
		3B00BE3420A9E9A50093EF52 /* AppDelegate.swift in Sources */ = {isa = PBXBuildFile; fileRef = 3B00BE3320A9E9A50093EF52 /* AppDelegate.swift */; };
		3B00BE3620A9E9A50093EF52 /* ViewController.swift in Sources */ = {isa = PBXBuildFile; fileRef = 3B00BE3520A9E9A50093EF52 /* ViewController.swift */; };
		3B00BE3920A9E9A50093EF52 /* Main.storyboard in Resources */ = {isa = PBXBuildFile; fileRef = 3B00BE3720A9E9A50093EF52 /* Main.storyboard */; };
		3B00BE3B20A9E9A60093EF52 /* Assets.xcassets in Resources */ = {isa = PBXBuildFile; fileRef = 3B00BE3A20A9E9A60093EF52 /* Assets.xcassets */; };
		3B00BE3E20A9E9A60093EF52 /* LaunchScreen.storyboard in Resources */ = {isa = PBXBuildFile; fileRef = 3B00BE3C20A9E9A60093EF52 /* LaunchScreen.storyboard */; };
		3B00BE4920A9E9A60093EF52 /* TensorflowIOSDemoTests.swift in Sources */ = {isa = PBXBuildFile; fileRef = 3B00BE4820A9E9A60093EF52 /* TensorflowIOSDemoTests.swift */; };
		3B00BE5420A9E9A70093EF52 /* TensorflowIOSDemoUITests.swift in Sources */ = {isa = PBXBuildFile; fileRef = 3B00BE5320A9E9A70093EF52 /* TensorflowIOSDemoUITests.swift */; };
/* End PBXBuildFile section */

/* Begin PBXContainerItemProxy section */
		3B00BE4520A9E9A60093EF52 /* PBXContainerItemProxy */ = {
			isa = PBXContainerItemProxy;
			containerPortal = 3B00BE2820A9E9A40093EF52 /* Project object */;
			proxyType = 1;
			remoteGlobalIDString = 3B00BE2F20A9E9A40093EF52;
			remoteInfo = TensorflowIOSDemo;
		};
		3B00BE5020A9E9A70093EF52 /* PBXContainerItemProxy */ = {
			isa = PBXContainerItemProxy;
			containerPortal = 3B00BE2820A9E9A40093EF52 /* Project object */;
			proxyType = 1;
			remoteGlobalIDString = 3B00BE2F20A9E9A40093EF52;
			remoteInfo = TensorflowIOSDemo;
		};
/* End PBXContainerItemProxy section */

/* Begin PBXFileReference section */
		3B00BE3020A9E9A50093EF52 /* TensorflowIOSDemo.app */ = {isa = PBXFileReference; explicitFileType = wrapper.application; includeInIndex = 0; path = TensorflowIOSDemo.app; sourceTree = BUILT_PRODUCTS_DIR; };
		3B00BE3320A9E9A50093EF52 /* AppDelegate.swift */ = {isa = PBXFileReference; lastKnownFileType = sourcecode.swift; path = AppDelegate.swift; sourceTree = "<group>"; };
		3B00BE3520A9E9A50093EF52 /* ViewController.swift */ = {isa = PBXFileReference; lastKnownFileType = sourcecode.swift; path = ViewController.swift; sourceTree = "<group>"; };
		3B00BE3820A9E9A50093EF52 /* Base */ = {isa = PBXFileReference; lastKnownFileType = file.storyboard; name = Base; path = Base.lproj/Main.storyboard; sourceTree = "<group>"; };
		3B00BE3A20A9E9A60093EF52 /* Assets.xcassets */ = {isa = PBXFileReference; lastKnownFileType = folder.assetcatalog; path = Assets.xcassets; sourceTree = "<group>"; };
		3B00BE3D20A9E9A60093EF52 /* Base */ = {isa = PBXFileReference; lastKnownFileType = file.storyboard; name = Base; path = Base.lproj/LaunchScreen.storyboard; sourceTree = "<group>"; };
		3B00BE3F20A9E9A60093EF52 /* Info.plist */ = {isa = PBXFileReference; lastKnownFileType = text.plist.xml; path = Info.plist; sourceTree = "<group>"; };
		3B00BE4420A9E9A60093EF52 /* TensorflowIOSDemoTests.xctest */ = {isa = PBXFileReference; explicitFileType = wrapper.cfbundle; includeInIndex = 0; path = TensorflowIOSDemoTests.xctest; sourceTree = BUILT_PRODUCTS_DIR; };
		3B00BE4820A9E9A60093EF52 /* TensorflowIOSDemoTests.swift */ = {isa = PBXFileReference; lastKnownFileType = sourcecode.swift; path = TensorflowIOSDemoTests.swift; sourceTree = "<group>"; };
		3B00BE4A20A9E9A70093EF52 /* Info.plist */ = {isa = PBXFileReference; lastKnownFileType = text.plist.xml; path = Info.plist; sourceTree = "<group>"; };
		3B00BE4F20A9E9A70093EF52 /* TensorflowIOSDemoUITests.xctest */ = {isa = PBXFileReference; explicitFileType = wrapper.cfbundle; includeInIndex = 0; path = TensorflowIOSDemoUITests.xctest; sourceTree = BUILT_PRODUCTS_DIR; };
		3B00BE5320A9E9A70093EF52 /* TensorflowIOSDemoUITests.swift */ = {isa = PBXFileReference; lastKnownFileType = sourcecode.swift; path = TensorflowIOSDemoUITests.swift; sourceTree = "<group>"; };
		3B00BE5520A9E9A70093EF52 /* Info.plist */ = {isa = PBXFileReference; lastKnownFileType = text.plist.xml; path = Info.plist; sourceTree = "<group>"; };
/* End PBXFileReference section */

/* Begin PBXFrameworksBuildPhase section */
		3B00BE2D20A9E9A40093EF52 /* Frameworks */ = {
			isa = PBXFrameworksBuildPhase;
			buildActionMask = 2147483647;
			files = (
			);
			runOnlyForDeploymentPostprocessing = 0;
		};
		3B00BE4120A9E9A60093EF52 /* Frameworks */ = {
			isa = PBXFrameworksBuildPhase;
			buildActionMask = 2147483647;
			files = (
			);
			runOnlyForDeploymentPostprocessing = 0;
		};
		3B00BE4C20A9E9A70093EF52 /* Frameworks */ = {
			isa = PBXFrameworksBuildPhase;
			buildActionMask = 2147483647;
			files = (
			);
			runOnlyForDeploymentPostprocessing = 0;
		};
/* End PBXFrameworksBuildPhase section */

/* Begin PBXGroup section */
		3B00BE2720A9E9A40093EF52 = {
			isa = PBXGroup;
			children = (
				3B00BE3220A9E9A50093EF52 /* TensorflowIOSDemo */,
				3B00BE4720A9E9A60093EF52 /* TensorflowIOSDemoTests */,
				3B00BE5220A9E9A70093EF52 /* TensorflowIOSDemoUITests */,
				3B00BE3120A9E9A50093EF52 /* Products */,
			);
			sourceTree = "<group>";
		};
		3B00BE3120A9E9A50093EF52 /* Products */ = {
			isa = PBXGroup;
			children = (
				3B00BE3020A9E9A50093EF52 /* TensorflowIOSDemo.app */,
				3B00BE4420A9E9A60093EF52 /* TensorflowIOSDemoTests.xctest */,
				3B00BE4F20A9E9A70093EF52 /* TensorflowIOSDemoUITests.xctest */,
			);
			name = Products;
			sourceTree = "<group>";
		};
		3B00BE3220A9E9A50093EF52 /* TensorflowIOSDemo */ = {
			isa = PBXGroup;
			children = (
				3B00BE3320A9E9A50093EF52 /* AppDelegate.swift */,
				3B00BE3520A9E9A50093EF52 /* ViewController.swift */,
				3B00BE3720A9E9A50093EF52 /* Main.storyboard */,
				3B00BE3A20A9E9A60093EF52 /* Assets.xcassets */,
				3B00BE3C20A9E9A60093EF52 /* LaunchScreen.storyboard */,
				3B00BE3F20A9E9A60093EF52 /* Info.plist */,
			);
			path = TensorflowIOSDemo;
			sourceTree = "<group>";
		};
		3B00BE4720A9E9A60093EF52 /* TensorflowIOSDemoTests */ = {
			isa = PBXGroup;
			children = (
				3B00BE4820A9E9A60093EF52 /* TensorflowIOSDemoTests.swift */,
				3B00BE4A20A9E9A70093EF52 /* Info.plist */,
			);
			path = TensorflowIOSDemoTests;
			sourceTree = "<group>";
		};
		3B00BE5220A9E9A70093EF52 /* TensorflowIOSDemoUITests */ = {
			isa = PBXGroup;
			children = (
				3B00BE5320A9E9A70093EF52 /* TensorflowIOSDemoUITests.swift */,
				3B00BE5520A9E9A70093EF52 /* Info.plist */,
			);
			path = TensorflowIOSDemoUITests;
			sourceTree = "<group>";
		};
/* End PBXGroup section */

/* Begin PBXNativeTarget section */
		3B00BE2F20A9E9A40093EF52 /* TensorflowIOSDemo */ = {
			isa = PBXNativeTarget;
			buildConfigurationList = 3B00BE5820A9E9A70093EF52 /* Build configuration list for PBXNativeTarget "TensorflowIOSDemo" */;
			buildPhases = (
				3B00BE2C20A9E9A40093EF52 /* Sources */,
				3B00BE2D20A9E9A40093EF52 /* Frameworks */,
				3B00BE2E20A9E9A40093EF52 /* Resources */,
			);
			buildRules = (
			);
			dependencies = (
			);
			name = TensorflowIOSDemo;
			productName = TensorflowIOSDemo;
			productReference = 3B00BE3020A9E9A50093EF52 /* TensorflowIOSDemo.app */;
			productType = "com.apple.product-type.application";
		};
		3B00BE4320A9E9A60093EF52 /* TensorflowIOSDemoTests */ = {
			isa = PBXNativeTarget;
			buildConfigurationList = 3B00BE5B20A9E9A70093EF52 /* Build configuration list for PBXNativeTarget "TensorflowIOSDemoTests" */;
			buildPhases = (
				3B00BE4020A9E9A60093EF52 /* Sources */,
				3B00BE4120A9E9A60093EF52 /* Frameworks */,
				3B00BE4220A9E9A60093EF52 /* Resources */,
			);
			buildRules = (
			);
			dependencies = (
				3B00BE4620A9E9A60093EF52 /* PBXTargetDependency */,
			);
			name = TensorflowIOSDemoTests;
			productName = TensorflowIOSDemoTests;
			productReference = 3B00BE4420A9E9A60093EF52 /* TensorflowIOSDemoTests.xctest */;
			productType = "com.apple.product-type.bundle.unit-test";
		};
		3B00BE4E20A9E9A70093EF52 /* TensorflowIOSDemoUITests */ = {
			isa = PBXNativeTarget;
			buildConfigurationList = 3B00BE5E20A9E9A70093EF52 /* Build configuration list for PBXNativeTarget "TensorflowIOSDemoUITests" */;
			buildPhases = (
				3B00BE4B20A9E9A70093EF52 /* Sources */,
				3B00BE4C20A9E9A70093EF52 /* Frameworks */,
				3B00BE4D20A9E9A70093EF52 /* Resources */,
			);
			buildRules = (
			);
			dependencies = (
				3B00BE5120A9E9A70093EF52 /* PBXTargetDependency */,
			);
			name = TensorflowIOSDemoUITests;
			productName = TensorflowIOSDemoUITests;
			productReference = 3B00BE4F20A9E9A70093EF52 /* TensorflowIOSDemoUITests.xctest */;
			productType = "com.apple.product-type.bundle.ui-testing";
		};
/* End PBXNativeTarget section */

/* Begin PBXProject section */
		3B00BE2820A9E9A40093EF52 /* Project object */ = {
			isa = PBXProject;
			attributes = {
				LastSwiftUpdateCheck = 0930;
				LastUpgradeCheck = 0930;
				ORGANIZATIONNAME = Wiki;
				TargetAttributes = {
					3B00BE2F20A9E9A40093EF52 = {
						CreatedOnToolsVersion = 9.3.1;
					};
					3B00BE4320A9E9A60093EF52 = {
						CreatedOnToolsVersion = 9.3.1;
						TestTargetID = 3B00BE2F20A9E9A40093EF52;
					};
					3B00BE4E20A9E9A70093EF52 = {
						CreatedOnToolsVersion = 9.3.1;
						TestTargetID = 3B00BE2F20A9E9A40093EF52;
					};
				};
			};
			buildConfigurationList = 3B00BE2B20A9E9A40093EF52 /* Build configuration list for PBXProject "TensorflowIOSDemo" */;
			compatibilityVersion = "Xcode 9.3";
			developmentRegion = en;
			hasScannedForEncodings = 0;
			knownRegions = (
				en,
				Base,
			);
			mainGroup = 3B00BE2720A9E9A40093EF52;
			productRefGroup = 3B00BE3120A9E9A50093EF52 /* Products */;
			projectDirPath = "";
			projectRoot = "";
			targets = (
				3B00BE2F20A9E9A40093EF52 /* TensorflowIOSDemo */,
				3B00BE4320A9E9A60093EF52 /* TensorflowIOSDemoTests */,
				3B00BE4E20A9E9A70093EF52 /* TensorflowIOSDemoUITests */,
			);
		};
/* End PBXProject section */

/* Begin PBXResourcesBuildPhase section */
		3B00BE2E20A9E9A40093EF52 /* Resources */ = {
			isa = PBXResourcesBuildPhase;
			buildActionMask = 2147483647;
			files = (
				3B00BE3E20A9E9A60093EF52 /* LaunchScreen.storyboard in Resources */,
				3B00BE3B20A9E9A60093EF52 /* Assets.xcassets in Resources */,
				3B00BE3920A9E9A50093EF52 /* Main.storyboard in Resources */,
			);
			runOnlyForDeploymentPostprocessing = 0;
		};
		3B00BE4220A9E9A60093EF52 /* Resources */ = {
			isa = PBXResourcesBuildPhase;
			buildActionMask = 2147483647;
			files = (
			);
			runOnlyForDeploymentPostprocessing = 0;
		};
		3B00BE4D20A9E9A70093EF52 /* Resources */ = {
			isa = PBXResourcesBuildPhase;
			buildActionMask = 2147483647;
			files = (
			);
			runOnlyForDeploymentPostprocessing = 0;
		};
/* End PBXResourcesBuildPhase section */

/* Begin PBXSourcesBuildPhase section */
		3B00BE2C20A9E9A40093EF52 /* Sources */ = {
			isa = PBXSourcesBuildPhase;
			buildActionMask = 2147483647;
			files = (
				3B00BE3620A9E9A50093EF52 /* ViewController.swift in Sources */,
				3B00BE3420A9E9A50093EF52 /* AppDelegate.swift in Sources */,
			);
			runOnlyForDeploymentPostprocessing = 0;
		};
		3B00BE4020A9E9A60093EF52 /* Sources */ = {
			isa = PBXSourcesBuildPhase;
			buildActionMask = 2147483647;
			files = (
				3B00BE4920A9E9A60093EF52 /* TensorflowIOSDemoTests.swift in Sources */,
			);
			runOnlyForDeploymentPostprocessing = 0;
		};
		3B00BE4B20A9E9A70093EF52 /* Sources */ = {
			isa = PBXSourcesBuildPhase;
			buildActionMask = 2147483647;
			files = (
				3B00BE5420A9E9A70093EF52 /* TensorflowIOSDemoUITests.swift in Sources */,
			);
			runOnlyForDeploymentPostprocessing = 0;
		};
/* End PBXSourcesBuildPhase section */

/* Begin PBXTargetDependency section */
		3B00BE4620A9E9A60093EF52 /* PBXTargetDependency */ = {
			isa = PBXTargetDependency;
			target = 3B00BE2F20A9E9A40093EF52 /* TensorflowIOSDemo */;
			targetProxy = 3B00BE4520A9E9A60093EF52 /* PBXContainerItemProxy */;
		};
		3B00BE5120A9E9A70093EF52 /* PBXTargetDependency */ = {
			isa = PBXTargetDependency;
			target = 3B00BE2F20A9E9A40093EF52 /* TensorflowIOSDemo */;
			targetProxy = 3B00BE5020A9E9A70093EF52 /* PBXContainerItemProxy */;
		};
/* End PBXTargetDependency section */

/* Begin PBXVariantGroup section */
		3B00BE3720A9E9A50093EF52 /* Main.storyboard */ = {
			isa = PBXVariantGroup;
			children = (
				3B00BE3820A9E9A50093EF52 /* Base */,
			);
			name = Main.storyboard;
			sourceTree = "<group>";
		};
		3B00BE3C20A9E9A60093EF52 /* LaunchScreen.storyboard */ = {
			isa = PBXVariantGroup;
			children = (
				3B00BE3D20A9E9A60093EF52 /* Base */,
			);
			name = LaunchScreen.storyboard;
			sourceTree = "<group>";
		};
/* End PBXVariantGroup section */

/* Begin XCBuildConfiguration section */
		3B00BE5620A9E9A70093EF52 /* Debug */ = {
			isa = XCBuildConfiguration;
			buildSettings = {
				ALWAYS_SEARCH_USER_PATHS = NO;
				CLANG_ANALYZER_NONNULL = YES;
				CLANG_ANALYZER_NUMBER_OBJECT_CONVERSION = YES_AGGRESSIVE;
				CLANG_CXX_LANGUAGE_STANDARD = "gnu++14";
				CLANG_CXX_LIBRARY = "libc++";
				CLANG_ENABLE_MODULES = YES;
				CLANG_ENABLE_OBJC_ARC = YES;
				CLANG_ENABLE_OBJC_WEAK = YES;
				CLANG_WARN_BLOCK_CAPTURE_AUTORELEASING = YES;
				CLANG_WARN_BOOL_CONVERSION = YES;
				CLANG_WARN_COMMA = YES;
				CLANG_WARN_CONSTANT_CONVERSION = YES;
				CLANG_WARN_DEPRECATED_OBJC_IMPLEMENTATIONS = YES;
				CLANG_WARN_DIRECT_OBJC_ISA_USAGE = YES_ERROR;
				CLANG_WARN_DOCUMENTATION_COMMENTS = YES;
				CLANG_WARN_EMPTY_BODY = YES;
				CLANG_WARN_ENUM_CONVERSION = YES;
				CLANG_WARN_INFINITE_RECURSION = YES;
				CLANG_WARN_INT_CONVERSION = YES;
				CLANG_WARN_NON_LITERAL_NULL_CONVERSION = YES;
				CLANG_WARN_OBJC_IMPLICIT_RETAIN_SELF = YES;
				CLANG_WARN_OBJC_LITERAL_CONVERSION = YES;
				CLANG_WARN_OBJC_ROOT_CLASS = YES_ERROR;
				CLANG_WARN_RANGE_LOOP_ANALYSIS = YES;
				CLANG_WARN_STRICT_PROTOTYPES = YES;
				CLANG_WARN_SUSPICIOUS_MOVE = YES;
				CLANG_WARN_UNGUARDED_AVAILABILITY = YES_AGGRESSIVE;
				CLANG_WARN_UNREACHABLE_CODE = YES;
				CLANG_WARN__DUPLICATE_METHOD_MATCH = YES;
				CODE_SIGN_IDENTITY = "iPhone Developer";
				COPY_PHASE_STRIP = NO;
				DEBUG_INFORMATION_FORMAT = dwarf;
				ENABLE_STRICT_OBJC_MSGSEND = YES;
				ENABLE_TESTABILITY = YES;
				GCC_C_LANGUAGE_STANDARD = gnu11;
				GCC_DYNAMIC_NO_PIC = NO;
				GCC_NO_COMMON_BLOCKS = YES;
				GCC_OPTIMIZATION_LEVEL = 0;
				GCC_PREPROCESSOR_DEFINITIONS = (
					"DEBUG=1",
					"$(inherited)",
				);
				GCC_WARN_64_TO_32_BIT_CONVERSION = YES;
				GCC_WARN_ABOUT_RETURN_TYPE = YES_ERROR;
				GCC_WARN_UNDECLARED_SELECTOR = YES;
				GCC_WARN_UNINITIALIZED_AUTOS = YES_AGGRESSIVE;
				GCC_WARN_UNUSED_FUNCTION = YES;
				GCC_WARN_UNUSED_VARIABLE = YES;
				IPHONEOS_DEPLOYMENT_TARGET = 11.3;
				MTL_ENABLE_DEBUG_INFO = YES;
				ONLY_ACTIVE_ARCH = YES;
				SDKROOT = iphoneos;
				SWIFT_ACTIVE_COMPILATION_CONDITIONS = DEBUG;
				SWIFT_OPTIMIZATION_LEVEL = "-Onone";
			};
			name = Debug;
		};
		3B00BE5720A9E9A70093EF52 /* Release */ = {
			isa = XCBuildConfiguration;
			buildSettings = {
				ALWAYS_SEARCH_USER_PATHS = NO;
				CLANG_ANALYZER_NONNULL = YES;
				CLANG_ANALYZER_NUMBER_OBJECT_CONVERSION = YES_AGGRESSIVE;
				CLANG_CXX_LANGUAGE_STANDARD = "gnu++14";
				CLANG_CXX_LIBRARY = "libc++";
				CLANG_ENABLE_MODULES = YES;
				CLANG_ENABLE_OBJC_ARC = YES;
				CLANG_ENABLE_OBJC_WEAK = YES;
				CLANG_WARN_BLOCK_CAPTURE_AUTORELEASING = YES;
				CLANG_WARN_BOOL_CONVERSION = YES;
				CLANG_WARN_COMMA = YES;
				CLANG_WARN_CONSTANT_CONVERSION = YES;
				CLANG_WARN_DEPRECATED_OBJC_IMPLEMENTATIONS = YES;
				CLANG_WARN_DIRECT_OBJC_ISA_USAGE = YES_ERROR;
				CLANG_WARN_DOCUMENTATION_COMMENTS = YES;
				CLANG_WARN_EMPTY_BODY = YES;
				CLANG_WARN_ENUM_CONVERSION = YES;
				CLANG_WARN_INFINITE_RECURSION = YES;
				CLANG_WARN_INT_CONVERSION = YES;
				CLANG_WARN_NON_LITERAL_NULL_CONVERSION = YES;
				CLANG_WARN_OBJC_IMPLICIT_RETAIN_SELF = YES;
				CLANG_WARN_OBJC_LITERAL_CONVERSION = YES;
				CLANG_WARN_OBJC_ROOT_CLASS = YES_ERROR;
				CLANG_WARN_RANGE_LOOP_ANALYSIS = YES;
				CLANG_WARN_STRICT_PROTOTYPES = YES;
				CLANG_WARN_SUSPICIOUS_MOVE = YES;
				CLANG_WARN_UNGUARDED_AVAILABILITY = YES_AGGRESSIVE;
				CLANG_WARN_UNREACHABLE_CODE = YES;
				CLANG_WARN__DUPLICATE_METHOD_MATCH = YES;
				CODE_SIGN_IDENTITY = "iPhone Developer";
				COPY_PHASE_STRIP = NO;
				DEBUG_INFORMATION_FORMAT = "dwarf-with-dsym";
				ENABLE_NS_ASSERTIONS = NO;
				ENABLE_STRICT_OBJC_MSGSEND = YES;
				GCC_C_LANGUAGE_STANDARD = gnu11;
				GCC_NO_COMMON_BLOCKS = YES;
				GCC_WARN_64_TO_32_BIT_CONVERSION = YES;
				GCC_WARN_ABOUT_RETURN_TYPE = YES_ERROR;
				GCC_WARN_UNDECLARED_SELECTOR = YES;
				GCC_WARN_UNINITIALIZED_AUTOS = YES_AGGRESSIVE;
				GCC_WARN_UNUSED_FUNCTION = YES;
				GCC_WARN_UNUSED_VARIABLE = YES;
				IPHONEOS_DEPLOYMENT_TARGET = 11.3;
				MTL_ENABLE_DEBUG_INFO = NO;
				SDKROOT = iphoneos;
				SWIFT_COMPILATION_MODE = wholemodule;
				SWIFT_OPTIMIZATION_LEVEL = "-O";
				VALIDATE_PRODUCT = YES;
			};
			name = Release;
		};
		3B00BE5920A9E9A70093EF52 /* Debug */ = {
			isa = XCBuildConfiguration;
			buildSettings = {
				ASSETCATALOG_COMPILER_APPICON_NAME = AppIcon;
				CODE_SIGN_STYLE = Automatic;
				DEVELOPMENT_TEAM = BV6D89RU7N;
				INFOPLIST_FILE = TensorflowIOSDemo/Info.plist;
				LD_RUNPATH_SEARCH_PATHS = (
					"$(inherited)",
					"@executable_path/Frameworks",
				);
				PRODUCT_BUNDLE_IDENTIFIER = com.taoweiji.tensorflow.demo.TensorflowIOSDemo;
				PRODUCT_NAME = "$(TARGET_NAME)";
				SWIFT_VERSION = 4.0;
				TARGETED_DEVICE_FAMILY = "1,2";
			};
			name = Debug;
		};
		3B00BE5A20A9E9A70093EF52 /* Release */ = {
			isa = XCBuildConfiguration;
			buildSettings = {
				ASSETCATALOG_COMPILER_APPICON_NAME = AppIcon;
				CODE_SIGN_STYLE = Automatic;
				DEVELOPMENT_TEAM = BV6D89RU7N;
				INFOPLIST_FILE = TensorflowIOSDemo/Info.plist;
				LD_RUNPATH_SEARCH_PATHS = (
					"$(inherited)",
					"@executable_path/Frameworks",
				);
				PRODUCT_BUNDLE_IDENTIFIER = com.taoweiji.tensorflow.demo.TensorflowIOSDemo;
				PRODUCT_NAME = "$(TARGET_NAME)";
				SWIFT_VERSION = 4.0;
				TARGETED_DEVICE_FAMILY = "1,2";
			};
			name = Release;
		};
		3B00BE5C20A9E9A70093EF52 /* Debug */ = {
			isa = XCBuildConfiguration;
			buildSettings = {
				ALWAYS_EMBED_SWIFT_STANDARD_LIBRARIES = YES;
				BUNDLE_LOADER = "$(TEST_HOST)";
				CODE_SIGN_STYLE = Automatic;
				DEVELOPMENT_TEAM = BV6D89RU7N;
				INFOPLIST_FILE = TensorflowIOSDemoTests/Info.plist;
				LD_RUNPATH_SEARCH_PATHS = (
					"$(inherited)",
					"@executable_path/Frameworks",
					"@loader_path/Frameworks",
				);
				PRODUCT_BUNDLE_IDENTIFIER = com.taoweiji.tensorflow.demo.TensorflowIOSDemoTests;
				PRODUCT_NAME = "$(TARGET_NAME)";
				SWIFT_VERSION = 4.0;
				TARGETED_DEVICE_FAMILY = "1,2";
				TEST_HOST = "$(BUILT_PRODUCTS_DIR)/TensorflowIOSDemo.app/TensorflowIOSDemo";
			};
			name = Debug;
		};
		3B00BE5D20A9E9A70093EF52 /* Release */ = {
			isa = XCBuildConfiguration;
			buildSettings = {
				ALWAYS_EMBED_SWIFT_STANDARD_LIBRARIES = YES;
				BUNDLE_LOADER = "$(TEST_HOST)";
				CODE_SIGN_STYLE = Automatic;
				DEVELOPMENT_TEAM = BV6D89RU7N;
				INFOPLIST_FILE = TensorflowIOSDemoTests/Info.plist;
				LD_RUNPATH_SEARCH_PATHS = (
					"$(inherited)",
					"@executable_path/Frameworks",
					"@loader_path/Frameworks",
				);
				PRODUCT_BUNDLE_IDENTIFIER = com.taoweiji.tensorflow.demo.TensorflowIOSDemoTests;
				PRODUCT_NAME = "$(TARGET_NAME)";
				SWIFT_VERSION = 4.0;
				TARGETED_DEVICE_FAMILY = "1,2";
				TEST_HOST = "$(BUILT_PRODUCTS_DIR)/TensorflowIOSDemo.app/TensorflowIOSDemo";
			};
			name = Release;
		};
		3B00BE5F20A9E9A70093EF52 /* Debug */ = {
			isa = XCBuildConfiguration;
			buildSettings = {
				ALWAYS_EMBED_SWIFT_STANDARD_LIBRARIES = YES;
				CODE_SIGN_STYLE = Automatic;
				DEVELOPMENT_TEAM = BV6D89RU7N;
				INFOPLIST_FILE = TensorflowIOSDemoUITests/Info.plist;
				LD_RUNPATH_SEARCH_PATHS = (
					"$(inherited)",
					"@executable_path/Frameworks",
					"@loader_path/Frameworks",
				);
				PRODUCT_BUNDLE_IDENTIFIER = com.taoweiji.tensorflow.demo.TensorflowIOSDemoUITests;
				PRODUCT_NAME = "$(TARGET_NAME)";
				SWIFT_VERSION = 4.0;
				TARGETED_DEVICE_FAMILY = "1,2";
				TEST_TARGET_NAME = TensorflowIOSDemo;
			};
			name = Debug;
		};
		3B00BE6020A9E9A70093EF52 /* Release */ = {
			isa = XCBuildConfiguration;
			buildSettings = {
				ALWAYS_EMBED_SWIFT_STANDARD_LIBRARIES = YES;
				CODE_SIGN_STYLE = Automatic;
				DEVELOPMENT_TEAM = BV6D89RU7N;
				INFOPLIST_FILE = TensorflowIOSDemoUITests/Info.plist;
				LD_RUNPATH_SEARCH_PATHS = (
					"$(inherited)",
					"@executable_path/Frameworks",
					"@loader_path/Frameworks",
				);
				PRODUCT_BUNDLE_IDENTIFIER = com.taoweiji.tensorflow.demo.TensorflowIOSDemoUITests;
				PRODUCT_NAME = "$(TARGET_NAME)";
				SWIFT_VERSION = 4.0;
				TARGETED_DEVICE_FAMILY = "1,2";
				TEST_TARGET_NAME = TensorflowIOSDemo;
			};
			name = Release;
		};
/* End XCBuildConfiguration section */

/* Begin XCConfigurationList section */
		3B00BE2B20A9E9A40093EF52 /* Build configuration list for PBXProject "TensorflowIOSDemo" */ = {
			isa = XCConfigurationList;
			buildConfigurations = (
				3B00BE5620A9E9A70093EF52 /* Debug */,
				3B00BE5720A9E9A70093EF52 /* Release */,
			);
			defaultConfigurationIsVisible = 0;
			defaultConfigurationName = Release;
		};
		3B00BE5820A9E9A70093EF52 /* Build configuration list for PBXNativeTarget "TensorflowIOSDemo" */ = {
			isa = XCConfigurationList;
			buildConfigurations = (
				3B00BE5920A9E9A70093EF52 /* Debug */,
				3B00BE5A20A9E9A70093EF52 /* Release */,
			);
			defaultConfigurationIsVisible = 0;
			defaultConfigurationName = Release;
		};
		3B00BE5B20A9E9A70093EF52 /* Build configuration list for PBXNativeTarget "TensorflowIOSDemoTests" */ = {
			isa = XCConfigurationList;
			buildConfigurations = (
				3B00BE5C20A9E9A70093EF52 /* Debug */,
				3B00BE5D20A9E9A70093EF52 /* Release */,
			);
			defaultConfigurationIsVisible = 0;
			defaultConfigurationName = Release;
		};
		3B00BE5E20A9E9A70093EF52 /* Build configuration list for PBXNativeTarget "TensorflowIOSDemoUITests" */ = {
			isa = XCConfigurationList;
			buildConfigurations = (
				3B00BE5F20A9E9A70093EF52 /* Debug */,
				3B00BE6020A9E9A70093EF52 /* Release */,
			);
			defaultConfigurationIsVisible = 0;
			defaultConfigurationName = Release;
		};
/* End XCConfigurationList section */
	};
	rootObject = 3B00BE2820A9E9A40093EF52 /* Project object */;
}
